
Microsoft Visual Studio Solution File, Format Version 12.00
# Visual Studio Version 17
VisualStudioVersion = 17.6.33717.318
MinimumVisualStudioVersion = 10.0.40219.1
Project("{888888A0-9F3D-457C-B088-3A5042F75D52}") = "MergeTwoSortedLists", "MergeTwoSortedLists.pyproj", "{05DC2FDF-560A-4650-98C9-CF2DFBE29A7E}"
EndProject
Global
	GlobalSection(SolutionConfigurationPlatforms) = preSolution
		Debug|Any CPU = Debug|Any CPU
		Release|Any CPU = Release|Any CPU
	EndGlobalSection
	GlobalSection(ProjectConfigurationPlatforms) = postSolution
		{05DC2FDF-560A-4650-98C9-CF2DFBE29A7E}.Debug|Any CPU.ActiveCfg = Debug|Any CPU
		{05DC2FDF-560A-4650-98C9-CF2DFBE29A7E}.Release|Any CPU.ActiveCfg = Release|Any CPU
	EndGlobalSection
	GlobalSection(SolutionProperties) = preSolution
		HideSolutionNode = FALSE
	EndGlobalSection
	GlobalSection(ExtensibilityGlobals) = postSolution
		SolutionGuid = {5074752A-7513-4392-B89B-73D91C31C9E5}
	EndGlobalSection
EndGlobal
